
Microsoft Visual Studio Solution File, Format Version 11.00
# Visual Studio 2010
Project("{FAE04EC0-301F-11D3-BF4B-00C04F79EFBC}") = "UHAC4.0", "UHAC4.0\UHAC4.0.csproj", "{3A2A07F8-31C6-4A80-8A32-A258A715B02B}"
EndProject
Global
	GlobalSection(SolutionConfigurationPlatforms) = preSolution
		Debug|x86 = Debug|x86
		Release|x86 = Release|x86
	EndGlobalSection
	GlobalSection(ProjectConfigurationPlatforms) = postSolution
		{3A2A07F8-31C6-4A80-8A32-A258A715B02B}.Debug|x86.ActiveCfg = Debug|x86
		{3A2A07F8-31C6-4A80-8A32-A258A715B02B}.Debug|x86.Build.0 = Debug|x86
		{3A2A07F8-31C6-4A80-8A32-A258A715B02B}.Release|x86.ActiveCfg = Release|x86
		{3A2A07F8-31C6-4A80-8A32-A258A715B02B}.Release|x86.Build.0 = Release|x86
	EndGlobalSection
	GlobalSection(SolutionProperties) = preSolution
		HideSolutionNode = FALSE
	EndGlobalSection
EndGlobal
